
Microsoft Visual Studio Solution File, Format Version 12.00
# Visual Studio Version 17
VisualStudioVersion = 17.6.33829.357
MinimumVisualStudioVersion = 10.0.40219.1
Project("{FAE04EC0-301F-11D3-BF4B-00C04F79EFBC}") = "XecurityAPI", "XecurityAPI\XecurityAPI.csproj", "{DD6FAB93-C86A-4E62-81CE-85180A943570}"
EndProject
Global
	GlobalSection(SolutionConfigurationPlatforms) = preSolution
		Debug|Any CPU = Debug|Any CPU
		Release|Any CPU = Release|Any CPU
	EndGlobalSection
	GlobalSection(ProjectConfigurationPlatforms) = postSolution
		{DD6FAB93-C86A-4E62-81CE-85180A943570}.Debug|Any CPU.ActiveCfg = Debug|Any CPU
		{DD6FAB93-C86A-4E62-81CE-85180A943570}.Debug|Any CPU.Build.0 = Debug|Any CPU
		{DD6FAB93-C86A-4E62-81CE-85180A943570}.Release|Any CPU.ActiveCfg = Release|Any CPU
		{DD6FAB93-C86A-4E62-81CE-85180A943570}.Release|Any CPU.Build.0 = Release|Any CPU
	EndGlobalSection
	GlobalSection(SolutionProperties) = preSolution
		HideSolutionNode = FALSE
	EndGlobalSection
	GlobalSection(ExtensibilityGlobals) = postSolution
		SolutionGuid = {CB28D9C4-E5E1-48D3-BD83-53DA8C020F2A}
	EndGlobalSection
EndGlobal
